<Solution>
  <Project Path="../Garage_Business/Garage_Business.csproj" Id="e98862aa-176e-44e8-a4b3-4be0809c7aa8" />
  <Project Path="../Garage_Data/Garage_Data.csproj" Id="b4f775a9-04b2-46c4-98eb-a6882b6fffed" />
  <Project Path="Garage_UI.csproj" Id="fcc37330-66bc-4c9f-a0c9-a489a946df43" />
</Solution>
